
Microsoft Visual Studio Solution File, Format Version 12.00
# Visual Studio Version 17
VisualStudioVersion = 17.2.32616.157
MinimumVisualStudioVersion = 10.0.40219.1
Project("{FAE04EC0-301F-11D3-BF4B-00C04F79EFBC}") = "Karar_Yapilari_Egzersiz", "Karar_Yapilari_Egzersiz\Karar_Yapilari_Egzersiz.csproj", "{BBBE4772-8FE2-4AD3-8F68-8F2E02D12008}"
EndProject
Global
	GlobalSection(SolutionConfigurationPlatforms) = preSolution
		Debug|Any CPU = Debug|Any CPU
		Release|Any CPU = Release|Any CPU
	EndGlobalSection
	GlobalSection(ProjectConfigurationPlatforms) = postSolution
		{BBBE4772-8FE2-4AD3-8F68-8F2E02D12008}.Debug|Any CPU.ActiveCfg = Debug|Any CPU
		{BBBE4772-8FE2-4AD3-8F68-8F2E02D12008}.Debug|Any CPU.Build.0 = Debug|Any CPU
		{BBBE4772-8FE2-4AD3-8F68-8F2E02D12008}.Release|Any CPU.ActiveCfg = Release|Any CPU
		{BBBE4772-8FE2-4AD3-8F68-8F2E02D12008}.Release|Any CPU.Build.0 = Release|Any CPU
	EndGlobalSection
	GlobalSection(SolutionProperties) = preSolution
		HideSolutionNode = FALSE
	EndGlobalSection
	GlobalSection(ExtensibilityGlobals) = postSolution
		SolutionGuid = {1977B153-6F9F-4BC7-8E4A-94CD7F381A14}
	EndGlobalSection
EndGlobal
